// !$*UTF8*$!
{
	archiveVersion = 1;
	classes = {
	};
	objectVersion = 50;
	objects = {

/* Begin PBXBuildFile section */
		36D0A7EA2742521300ABD08E /* AppDelegate.swift in Sources */ = {isa = PBXBuildFile; fileRef = 36D0A7E92742521300ABD08E /* AppDelegate.swift */; };
		36D0A7EC2742521300ABD08E /* SceneDelegate.swift in Sources */ = {isa = PBXBuildFile; fileRef = 36D0A7EB2742521300ABD08E /* SceneDelegate.swift */; };
		36D0A7EE2742521300ABD08E /* ViewController.swift in Sources */ = {isa = PBXBuildFile; fileRef = 36D0A7ED2742521300ABD08E /* ViewController.swift */; };
		36D0A7F12742521300ABD08E /* Main.storyboard in Resources */ = {isa = PBXBuildFile; fileRef = 36D0A7EF2742521300ABD08E /* Main.storyboard */; };
		36D0A7F32742521600ABD08E /* Assets.xcassets in Resources */ = {isa = PBXBuildFile; fileRef = 36D0A7F22742521600ABD08E /* Assets.xcassets */; };
		36D0A7F62742521600ABD08E /* LaunchScreen.storyboard in Resources */ = {isa = PBXBuildFile; fileRef = 36D0A7F42742521600ABD08E /* LaunchScreen.storyboard */; };
		36D0A8012742521700ABD08E /* SynceImageAppTests.swift in Sources */ = {isa = PBXBuildFile; fileRef = 36D0A8002742521700ABD08E /* SynceImageAppTests.swift */; };
		36D0A80C2742521700ABD08E /* SynceImageAppUITests.swift in Sources */ = {isa = PBXBuildFile; fileRef = 36D0A80B2742521700ABD08E /* SynceImageAppUITests.swift */; };
/* End PBXBuildFile section */

/* Begin PBXContainerItemProxy section */
		36D0A7FD2742521700ABD08E /* PBXContainerItemProxy */ = {
			isa = PBXContainerItemProxy;
			containerPortal = 36D0A7DE2742521300ABD08E /* Project object */;
			proxyType = 1;
			remoteGlobalIDString = 36D0A7E52742521300ABD08E;
			remoteInfo = SynceImageApp;
		};
		36D0A8082742521700ABD08E /* PBXContainerItemProxy */ = {
			isa = PBXContainerItemProxy;
			containerPortal = 36D0A7DE2742521300ABD08E /* Project object */;
			proxyType = 1;
			remoteGlobalIDString = 36D0A7E52742521300ABD08E;
			remoteInfo = SynceImageApp;
		};
/* End PBXContainerItemProxy section */

/* Begin PBXFileReference section */
		36D0A7E62742521300ABD08E /* SynceImageApp.app */ = {isa = PBXFileReference; explicitFileType = wrapper.application; includeInIndex = 0; path = SynceImageApp.app; sourceTree = BUILT_PRODUCTS_DIR; };
		36D0A7E92742521300ABD08E /* AppDelegate.swift */ = {isa = PBXFileReference; lastKnownFileType = sourcecode.swift; path = AppDelegate.swift; sourceTree = "<group>"; };
		36D0A7EB2742521300ABD08E /* SceneDelegate.swift */ = {isa = PBXFileReference; lastKnownFileType = sourcecode.swift; path = SceneDelegate.swift; sourceTree = "<group>"; };
		36D0A7ED2742521300ABD08E /* ViewController.swift */ = {isa = PBXFileReference; lastKnownFileType = sourcecode.swift; path = ViewController.swift; sourceTree = "<group>"; };
		36D0A7F02742521300ABD08E /* Base */ = {isa = PBXFileReference; lastKnownFileType = file.storyboard; name = Base; path = Base.lproj/Main.storyboard; sourceTree = "<group>"; };
		36D0A7F22742521600ABD08E /* Assets.xcassets */ = {isa = PBXFileReference; lastKnownFileType = folder.assetcatalog; path = Assets.xcassets; sourceTree = "<group>"; };
		36D0A7F52742521600ABD08E /* Base */ = {isa = PBXFileReference; lastKnownFileType = file.storyboard; name = Base; path = Base.lproj/LaunchScreen.storyboard; sourceTree = "<group>"; };
		36D0A7F72742521600ABD08E /* Info.plist */ = {isa = PBXFileReference; lastKnownFileType = text.plist.xml; path = Info.plist; sourceTree = "<group>"; };
		36D0A7FC2742521700ABD08E /* SynceImageAppTests.xctest */ = {isa = PBXFileReference; explicitFileType = wrapper.cfbundle; includeInIndex = 0; path = SynceImageAppTests.xctest; sourceTree = BUILT_PRODUCTS_DIR; };
		36D0A8002742521700ABD08E /* SynceImageAppTests.swift */ = {isa = PBXFileReference; lastKnownFileType = sourcecode.swift; path = SynceImageAppTests.swift; sourceTree = "<group>"; };
		36D0A8022742521700ABD08E /* Info.plist */ = {isa = PBXFileReference; lastKnownFileType = text.plist.xml; path = Info.plist; sourceTree = "<group>"; };
		36D0A8072742521700ABD08E /* SynceImageAppUITests.xctest */ = {isa = PBXFileReference; explicitFileType = wrapper.cfbundle; includeInIndex = 0; path = SynceImageAppUITests.xctest; sourceTree = BUILT_PRODUCTS_DIR; };
		36D0A80B2742521700ABD08E /* SynceImageAppUITests.swift */ = {isa = PBXFileReference; lastKnownFileType = sourcecode.swift; path = SynceImageAppUITests.swift; sourceTree = "<group>"; };
		36D0A80D2742521700ABD08E /* Info.plist */ = {isa = PBXFileReference; lastKnownFileType = text.plist.xml; path = Info.plist; sourceTree = "<group>"; };
/* End PBXFileReference section */

/* Begin PBXFrameworksBuildPhase section */
		36D0A7E32742521300ABD08E /* Frameworks */ = {
			isa = PBXFrameworksBuildPhase;
			buildActionMask = 2147483647;
			files = (
			);
			runOnlyForDeploymentPostprocessing = 0;
		};
		36D0A7F92742521700ABD08E /* Frameworks */ = {
			isa = PBXFrameworksBuildPhase;
			buildActionMask = 2147483647;
			files = (
			);
			runOnlyForDeploymentPostprocessing = 0;
		};
		36D0A8042742521700ABD08E /* Frameworks */ = {
			isa = PBXFrameworksBuildPhase;
			buildActionMask = 2147483647;
			files = (
			);
			runOnlyForDeploymentPostprocessing = 0;
		};
/* End PBXFrameworksBuildPhase section */

/* Begin PBXGroup section */
		36D0A7DD2742521300ABD08E = {
			isa = PBXGroup;
			children = (
				36D0A7E82742521300ABD08E /* SynceImageApp */,
				36D0A7FF2742521700ABD08E /* SynceImageAppTests */,
				36D0A80A2742521700ABD08E /* SynceImageAppUITests */,
				36D0A7E72742521300ABD08E /* Products */,
			);
			sourceTree = "<group>";
		};
		36D0A7E72742521300ABD08E /* Products */ = {
			isa = PBXGroup;
			children = (
				36D0A7E62742521300ABD08E /* SynceImageApp.app */,
				36D0A7FC2742521700ABD08E /* SynceImageAppTests.xctest */,
				36D0A8072742521700ABD08E /* SynceImageAppUITests.xctest */,
			);
			name = Products;
			sourceTree = "<group>";
		};
		36D0A7E82742521300ABD08E /* SynceImageApp */ = {
			isa = PBXGroup;
			children = (
				36D0A7E92742521300ABD08E /* AppDelegate.swift */,
				36D0A7EB2742521300ABD08E /* SceneDelegate.swift */,
				36D0A7ED2742521300ABD08E /* ViewController.swift */,
				36D0A7EF2742521300ABD08E /* Main.storyboard */,
				36D0A7F22742521600ABD08E /* Assets.xcassets */,
				36D0A7F42742521600ABD08E /* LaunchScreen.storyboard */,
				36D0A7F72742521600ABD08E /* Info.plist */,
			);
			path = SynceImageApp;
			sourceTree = "<group>";
		};
		36D0A7FF2742521700ABD08E /* SynceImageAppTests */ = {
			isa = PBXGroup;
			children = (
				36D0A8002742521700ABD08E /* SynceImageAppTests.swift */,
				36D0A8022742521700ABD08E /* Info.plist */,
			);
			path = SynceImageAppTests;
			sourceTree = "<group>";
		};
		36D0A80A2742521700ABD08E /* SynceImageAppUITests */ = {
			isa = PBXGroup;
			children = (
				36D0A80B2742521700ABD08E /* SynceImageAppUITests.swift */,
				36D0A80D2742521700ABD08E /* Info.plist */,
			);
			path = SynceImageAppUITests;
			sourceTree = "<group>";
		};
/* End PBXGroup section */

/* Begin PBXNativeTarget section */
		36D0A7E52742521300ABD08E /* SynceImageApp */ = {
			isa = PBXNativeTarget;
			buildConfigurationList = 36D0A8102742521700ABD08E /* Build configuration list for PBXNativeTarget "SynceImageApp" */;
			buildPhases = (
				36D0A7E22742521300ABD08E /* Sources */,
				36D0A7E32742521300ABD08E /* Frameworks */,
				36D0A7E42742521300ABD08E /* Resources */,
			);
			buildRules = (
			);
			dependencies = (
			);
			name = SynceImageApp;
			productName = SynceImageApp;
			productReference = 36D0A7E62742521300ABD08E /* SynceImageApp.app */;
			productType = "com.apple.product-type.application";
		};
		36D0A7FB2742521700ABD08E /* SynceImageAppTests */ = {
			isa = PBXNativeTarget;
			buildConfigurationList = 36D0A8132742521700ABD08E /* Build configuration list for PBXNativeTarget "SynceImageAppTests" */;
			buildPhases = (
				36D0A7F82742521700ABD08E /* Sources */,
				36D0A7F92742521700ABD08E /* Frameworks */,
				36D0A7FA2742521700ABD08E /* Resources */,
			);
			buildRules = (
			);
			dependencies = (
				36D0A7FE2742521700ABD08E /* PBXTargetDependency */,
			);
			name = SynceImageAppTests;
			productName = SynceImageAppTests;
			productReference = 36D0A7FC2742521700ABD08E /* SynceImageAppTests.xctest */;
			productType = "com.apple.product-type.bundle.unit-test";
		};
		36D0A8062742521700ABD08E /* SynceImageAppUITests */ = {
			isa = PBXNativeTarget;
			buildConfigurationList = 36D0A8162742521700ABD08E /* Build configuration list for PBXNativeTarget "SynceImageAppUITests" */;
			buildPhases = (
				36D0A8032742521700ABD08E /* Sources */,
				36D0A8042742521700ABD08E /* Frameworks */,
				36D0A8052742521700ABD08E /* Resources */,
			);
			buildRules = (
			);
			dependencies = (
				36D0A8092742521700ABD08E /* PBXTargetDependency */,
			);
			name = SynceImageAppUITests;
			productName = SynceImageAppUITests;
			productReference = 36D0A8072742521700ABD08E /* SynceImageAppUITests.xctest */;
			productType = "com.apple.product-type.bundle.ui-testing";
		};
/* End PBXNativeTarget section */

/* Begin PBXProject section */
		36D0A7DE2742521300ABD08E /* Project object */ = {
			isa = PBXProject;
			attributes = {
				LastSwiftUpdateCheck = 1250;
				LastUpgradeCheck = 1250;
				TargetAttributes = {
					36D0A7E52742521300ABD08E = {
						CreatedOnToolsVersion = 12.5.1;
					};
					36D0A7FB2742521700ABD08E = {
						CreatedOnToolsVersion = 12.5.1;
						TestTargetID = 36D0A7E52742521300ABD08E;
					};
					36D0A8062742521700ABD08E = {
						CreatedOnToolsVersion = 12.5.1;
						TestTargetID = 36D0A7E52742521300ABD08E;
					};
				};
			};
			buildConfigurationList = 36D0A7E12742521300ABD08E /* Build configuration list for PBXProject "SynceImageApp" */;
			compatibilityVersion = "Xcode 9.3";
			developmentRegion = en;
			hasScannedForEncodings = 0;
			knownRegions = (
				en,
				Base,
			);
			mainGroup = 36D0A7DD2742521300ABD08E;
			productRefGroup = 36D0A7E72742521300ABD08E /* Products */;
			projectDirPath = "";
			projectRoot = "";
			targets = (
				36D0A7E52742521300ABD08E /* SynceImageApp */,
				36D0A7FB2742521700ABD08E /* SynceImageAppTests */,
				36D0A8062742521700ABD08E /* SynceImageAppUITests */,
			);
		};
/* End PBXProject section */

/* Begin PBXResourcesBuildPhase section */
		36D0A7E42742521300ABD08E /* Resources */ = {
			isa = PBXResourcesBuildPhase;
			buildActionMask = 2147483647;
			files = (
				36D0A7F62742521600ABD08E /* LaunchScreen.storyboard in Resources */,
				36D0A7F32742521600ABD08E /* Assets.xcassets in Resources */,
				36D0A7F12742521300ABD08E /* Main.storyboard in Resources */,
			);
			runOnlyForDeploymentPostprocessing = 0;
		};
		36D0A7FA2742521700ABD08E /* Resources */ = {
			isa = PBXResourcesBuildPhase;
			buildActionMask = 2147483647;
			files = (
			);
			runOnlyForDeploymentPostprocessing = 0;
		};
		36D0A8052742521700ABD08E /* Resources */ = {
			isa = PBXResourcesBuildPhase;
			buildActionMask = 2147483647;
			files = (
			);
			runOnlyForDeploymentPostprocessing = 0;
		};
/* End PBXResourcesBuildPhase section */

/* Begin PBXSourcesBuildPhase section */
		36D0A7E22742521300ABD08E /* Sources */ = {
			isa = PBXSourcesBuildPhase;
			buildActionMask = 2147483647;
			files = (
				36D0A7EE2742521300ABD08E /* ViewController.swift in Sources */,
				36D0A7EA2742521300ABD08E /* AppDelegate.swift in Sources */,
				36D0A7EC2742521300ABD08E /* SceneDelegate.swift in Sources */,
			);
			runOnlyForDeploymentPostprocessing = 0;
		};
		36D0A7F82742521700ABD08E /* Sources */ = {
			isa = PBXSourcesBuildPhase;
			buildActionMask = 2147483647;
			files = (
				36D0A8012742521700ABD08E /* SynceImageAppTests.swift in Sources */,
			);
			runOnlyForDeploymentPostprocessing = 0;
		};
		36D0A8032742521700ABD08E /* Sources */ = {
			isa = PBXSourcesBuildPhase;
			buildActionMask = 2147483647;
			files = (
				36D0A80C2742521700ABD08E /* SynceImageAppUITests.swift in Sources */,
			);
			runOnlyForDeploymentPostprocessing = 0;
		};
/* End PBXSourcesBuildPhase section */

/* Begin PBXTargetDependency section */
		36D0A7FE2742521700ABD08E /* PBXTargetDependency */ = {
			isa = PBXTargetDependency;
			target = 36D0A7E52742521300ABD08E /* SynceImageApp */;
			targetProxy = 36D0A7FD2742521700ABD08E /* PBXContainerItemProxy */;
		};
		36D0A8092742521700ABD08E /* PBXTargetDependency */ = {
			isa = PBXTargetDependency;
			target = 36D0A7E52742521300ABD08E /* SynceImageApp */;
			targetProxy = 36D0A8082742521700ABD08E /* PBXContainerItemProxy */;
		};
/* End PBXTargetDependency section */

/* Begin PBXVariantGroup section */
		36D0A7EF2742521300ABD08E /* Main.storyboard */ = {
			isa = PBXVariantGroup;
			children = (
				36D0A7F02742521300ABD08E /* Base */,
			);
			name = Main.storyboard;
			sourceTree = "<group>";
		};
		36D0A7F42742521600ABD08E /* LaunchScreen.storyboard */ = {
			isa = PBXVariantGroup;
			children = (
				36D0A7F52742521600ABD08E /* Base */,
			);
			name = LaunchScreen.storyboard;
			sourceTree = "<group>";
		};
/* End PBXVariantGroup section */

/* Begin XCBuildConfiguration section */
		36D0A80E2742521700ABD08E /* Debug */ = {
			isa = XCBuildConfiguration;
			buildSettings = {
				ALWAYS_SEARCH_USER_PATHS = NO;
				CLANG_ANALYZER_NONNULL = YES;
				CLANG_ANALYZER_NUMBER_OBJECT_CONVERSION = YES_AGGRESSIVE;
				CLANG_CXX_LANGUAGE_STANDARD = "gnu++14";
				CLANG_CXX_LIBRARY = "libc++";
				CLANG_ENABLE_MODULES = YES;
				CLANG_ENABLE_OBJC_ARC = YES;
				CLANG_ENABLE_OBJC_WEAK = YES;
				CLANG_WARN_BLOCK_CAPTURE_AUTORELEASING = YES;
				CLANG_WARN_BOOL_CONVERSION = YES;
				CLANG_WARN_COMMA = YES;
				CLANG_WARN_CONSTANT_CONVERSION = YES;
				CLANG_WARN_DEPRECATED_OBJC_IMPLEMENTATIONS = YES;
				CLANG_WARN_DIRECT_OBJC_ISA_USAGE = YES_ERROR;
				CLANG_WARN_DOCUMENTATION_COMMENTS = YES;
				CLANG_WARN_EMPTY_BODY = YES;
				CLANG_WARN_ENUM_CONVERSION = YES;
				CLANG_WARN_INFINITE_RECURSION = YES;
				CLANG_WARN_INT_CONVERSION = YES;
				CLANG_WARN_NON_LITERAL_NULL_CONVERSION = YES;
				CLANG_WARN_OBJC_IMPLICIT_RETAIN_SELF = YES;
				CLANG_WARN_OBJC_LITERAL_CONVERSION = YES;
				CLANG_WARN_OBJC_ROOT_CLASS = YES_ERROR;
				CLANG_WARN_QUOTED_INCLUDE_IN_FRAMEWORK_HEADER = YES;
				CLANG_WARN_RANGE_LOOP_ANALYSIS = YES;
				CLANG_WARN_STRICT_PROTOTYPES = YES;
				CLANG_WARN_SUSPICIOUS_MOVE = YES;
				CLANG_WARN_UNGUARDED_AVAILABILITY = YES_AGGRESSIVE;
				CLANG_WARN_UNREACHABLE_CODE = YES;
				CLANG_WARN__DUPLICATE_METHOD_MATCH = YES;
				COPY_PHASE_STRIP = NO;
				DEBUG_INFORMATION_FORMAT = dwarf;
				ENABLE_STRICT_OBJC_MSGSEND = YES;
				ENABLE_TESTABILITY = YES;
				GCC_C_LANGUAGE_STANDARD = gnu11;
				GCC_DYNAMIC_NO_PIC = NO;
				GCC_NO_COMMON_BLOCKS = YES;
				GCC_OPTIMIZATION_LEVEL = 0;
				GCC_PREPROCESSOR_DEFINITIONS = (
					"DEBUG=1",
					"$(inherited)",
				);
				GCC_WARN_64_TO_32_BIT_CONVERSION = YES;
				GCC_WARN_ABOUT_RETURN_TYPE = YES_ERROR;
				GCC_WARN_UNDECLARED_SELECTOR = YES;
				GCC_WARN_UNINITIALIZED_AUTOS = YES_AGGRESSIVE;
				GCC_WARN_UNUSED_FUNCTION = YES;
				GCC_WARN_UNUSED_VARIABLE = YES;
				IPHONEOS_DEPLOYMENT_TARGET = 14.5;
				MTL_ENABLE_DEBUG_INFO = INCLUDE_SOURCE;
				MTL_FAST_MATH = YES;
				ONLY_ACTIVE_ARCH = YES;
				SDKROOT = iphoneos;
				SWIFT_ACTIVE_COMPILATION_CONDITIONS = DEBUG;
				SWIFT_OPTIMIZATION_LEVEL = "-Onone";
			};
			name = Debug;
		};
		36D0A80F2742521700ABD08E /* Release */ = {
			isa = XCBuildConfiguration;
			buildSettings = {
				ALWAYS_SEARCH_USER_PATHS = NO;
				CLANG_ANALYZER_NONNULL = YES;
				CLANG_ANALYZER_NUMBER_OBJECT_CONVERSION = YES_AGGRESSIVE;
				CLANG_CXX_LANGUAGE_STANDARD = "gnu++14";
				CLANG_CXX_LIBRARY = "libc++";
				CLANG_ENABLE_MODULES = YES;
				CLANG_ENABLE_OBJC_ARC = YES;
				CLANG_ENABLE_OBJC_WEAK = YES;
				CLANG_WARN_BLOCK_CAPTURE_AUTORELEASING = YES;
				CLANG_WARN_BOOL_CONVERSION = YES;
				CLANG_WARN_COMMA = YES;
				CLANG_WARN_CONSTANT_CONVERSION = YES;
				CLANG_WARN_DEPRECATED_OBJC_IMPLEMENTATIONS = YES;
				CLANG_WARN_DIRECT_OBJC_ISA_USAGE = YES_ERROR;
				CLANG_WARN_DOCUMENTATION_COMMENTS = YES;
				CLANG_WARN_EMPTY_BODY = YES;
				CLANG_WARN_ENUM_CONVERSION = YES;
				CLANG_WARN_INFINITE_RECURSION = YES;
				CLANG_WARN_INT_CONVERSION = YES;
				CLANG_WARN_NON_LITERAL_NULL_CONVERSION = YES;
				CLANG_WARN_OBJC_IMPLICIT_RETAIN_SELF = YES;
				CLANG_WARN_OBJC_LITERAL_CONVERSION = YES;
				CLANG_WARN_OBJC_ROOT_CLASS = YES_ERROR;
				CLANG_WARN_QUOTED_INCLUDE_IN_FRAMEWORK_HEADER = YES;
				CLANG_WARN_RANGE_LOOP_ANALYSIS = YES;
				CLANG_WARN_STRICT_PROTOTYPES = YES;
				CLANG_WARN_SUSPICIOUS_MOVE = YES;
				CLANG_WARN_UNGUARDED_AVAILABILITY = YES_AGGRESSIVE;
				CLANG_WARN_UNREACHABLE_CODE = YES;
				CLANG_WARN__DUPLICATE_METHOD_MATCH = YES;
				COPY_PHASE_STRIP = NO;
				DEBUG_INFORMATION_FORMAT = "dwarf-with-dsym";
				ENABLE_NS_ASSERTIONS = NO;
				ENABLE_STRICT_OBJC_MSGSEND = YES;
				GCC_C_LANGUAGE_STANDARD = gnu11;
				GCC_NO_COMMON_BLOCKS = YES;
				GCC_WARN_64_TO_32_BIT_CONVERSION = YES;
				GCC_WARN_ABOUT_RETURN_TYPE = YES_ERROR;
				GCC_WARN_UNDECLARED_SELECTOR = YES;
				GCC_WARN_UNINITIALIZED_AUTOS = YES_AGGRESSIVE;
				GCC_WARN_UNUSED_FUNCTION = YES;
				GCC_WARN_UNUSED_VARIABLE = YES;
				IPHONEOS_DEPLOYMENT_TARGET = 14.5;
				MTL_ENABLE_DEBUG_INFO = NO;
				MTL_FAST_MATH = YES;
				SDKROOT = iphoneos;
				SWIFT_COMPILATION_MODE = wholemodule;
				SWIFT_OPTIMIZATION_LEVEL = "-O";
				VALIDATE_PRODUCT = YES;
			};
			name = Release;
		};
		36D0A8112742521700ABD08E /* Debug */ = {
			isa = XCBuildConfiguration;
			buildSettings = {
				ASSETCATALOG_COMPILER_APPICON_NAME = AppIcon;
				ASSETCATALOG_COMPILER_GLOBAL_ACCENT_COLOR_NAME = AccentColor;
				CODE_SIGN_STYLE = Automatic;
				INFOPLIST_FILE = SynceImageApp/Info.plist;
				LD_RUNPATH_SEARCH_PATHS = (
					"$(inherited)",
					"@executable_path/Frameworks",
				);
				PRODUCT_BUNDLE_IDENTIFIER = eigthyear.studio.SynceImageApp;
				PRODUCT_NAME = "$(TARGET_NAME)";
				SWIFT_VERSION = 5.0;
				TARGETED_DEVICE_FAMILY = "1,2";
			};
			name = Debug;
		};
		36D0A8122742521700ABD08E /* Release */ = {
			isa = XCBuildConfiguration;
			buildSettings = {
				ASSETCATALOG_COMPILER_APPICON_NAME = AppIcon;
				ASSETCATALOG_COMPILER_GLOBAL_ACCENT_COLOR_NAME = AccentColor;
				CODE_SIGN_STYLE = Automatic;
				INFOPLIST_FILE = SynceImageApp/Info.plist;
				LD_RUNPATH_SEARCH_PATHS = (
					"$(inherited)",
					"@executable_path/Frameworks",
				);
				PRODUCT_BUNDLE_IDENTIFIER = eigthyear.studio.SynceImageApp;
				PRODUCT_NAME = "$(TARGET_NAME)";
				SWIFT_VERSION = 5.0;
				TARGETED_DEVICE_FAMILY = "1,2";
			};
			name = Release;
		};
		36D0A8142742521700ABD08E /* Debug */ = {
			isa = XCBuildConfiguration;
			buildSettings = {
				ALWAYS_EMBED_SWIFT_STANDARD_LIBRARIES = YES;
				BUNDLE_LOADER = "$(TEST_HOST)";
				CODE_SIGN_STYLE = Automatic;
				INFOPLIST_FILE = SynceImageAppTests/Info.plist;
				IPHONEOS_DEPLOYMENT_TARGET = 14.5;
				LD_RUNPATH_SEARCH_PATHS = (
					"$(inherited)",
					"@executable_path/Frameworks",
					"@loader_path/Frameworks",
				);
				PRODUCT_BUNDLE_IDENTIFIER = eigthyear.studio.SynceImageAppTests;
				PRODUCT_NAME = "$(TARGET_NAME)";
				SWIFT_VERSION = 5.0;
				TARGETED_DEVICE_FAMILY = "1,2";
				TEST_HOST = "$(BUILT_PRODUCTS_DIR)/SynceImageApp.app/SynceImageApp";
			};
			name = Debug;
		};
		36D0A8152742521700ABD08E /* Release */ = {
			isa = XCBuildConfiguration;
			buildSettings = {
				ALWAYS_EMBED_SWIFT_STANDARD_LIBRARIES = YES;
				BUNDLE_LOADER = "$(TEST_HOST)";
				CODE_SIGN_STYLE = Automatic;
				INFOPLIST_FILE = SynceImageAppTests/Info.plist;
				IPHONEOS_DEPLOYMENT_TARGET = 14.5;
				LD_RUNPATH_SEARCH_PATHS = (
					"$(inherited)",
					"@executable_path/Frameworks",
					"@loader_path/Frameworks",
				);
				PRODUCT_BUNDLE_IDENTIFIER = eigthyear.studio.SynceImageAppTests;
				PRODUCT_NAME = "$(TARGET_NAME)";
				SWIFT_VERSION = 5.0;
				TARGETED_DEVICE_FAMILY = "1,2";
				TEST_HOST = "$(BUILT_PRODUCTS_DIR)/SynceImageApp.app/SynceImageApp";
			};
			name = Release;
		};
		36D0A8172742521700ABD08E /* Debug */ = {
			isa = XCBuildConfiguration;
			buildSettings = {
				ALWAYS_EMBED_SWIFT_STANDARD_LIBRARIES = YES;
				CODE_SIGN_STYLE = Automatic;
				INFOPLIST_FILE = SynceImageAppUITests/Info.plist;
				LD_RUNPATH_SEARCH_PATHS = (
					"$(inherited)",
					"@executable_path/Frameworks",
					"@loader_path/Frameworks",
				);
				PRODUCT_BUNDLE_IDENTIFIER = eigthyear.studio.SynceImageAppUITests;
				PRODUCT_NAME = "$(TARGET_NAME)";
				SWIFT_VERSION = 5.0;
				TARGETED_DEVICE_FAMILY = "1,2";
				TEST_TARGET_NAME = SynceImageApp;
			};
			name = Debug;
		};
		36D0A8182742521700ABD08E /* Release */ = {
			isa = XCBuildConfiguration;
			buildSettings = {
				ALWAYS_EMBED_SWIFT_STANDARD_LIBRARIES = YES;
				CODE_SIGN_STYLE = Automatic;
				INFOPLIST_FILE = SynceImageAppUITests/Info.plist;
				LD_RUNPATH_SEARCH_PATHS = (
					"$(inherited)",
					"@executable_path/Frameworks",
					"@loader_path/Frameworks",
				);
				PRODUCT_BUNDLE_IDENTIFIER = eigthyear.studio.SynceImageAppUITests;
				PRODUCT_NAME = "$(TARGET_NAME)";
				SWIFT_VERSION = 5.0;
				TARGETED_DEVICE_FAMILY = "1,2";
				TEST_TARGET_NAME = SynceImageApp;
			};
			name = Release;
		};
/* End XCBuildConfiguration section */

/* Begin XCConfigurationList section */
		36D0A7E12742521300ABD08E /* Build configuration list for PBXProject "SynceImageApp" */ = {
			isa = XCConfigurationList;
			buildConfigurations = (
				36D0A80E2742521700ABD08E /* Debug */,
				36D0A80F2742521700ABD08E /* Release */,
			);
			defaultConfigurationIsVisible = 0;
			defaultConfigurationName = Release;
		};
		36D0A8102742521700ABD08E /* Build configuration list for PBXNativeTarget "SynceImageApp" */ = {
			isa = XCConfigurationList;
			buildConfigurations = (
				36D0A8112742521700ABD08E /* Debug */,
				36D0A8122742521700ABD08E /* Release */,
			);
			defaultConfigurationIsVisible = 0;
			defaultConfigurationName = Release;
		};
		36D0A8132742521700ABD08E /* Build configuration list for PBXNativeTarget "SynceImageAppTests" */ = {
			isa = XCConfigurationList;
			buildConfigurations = (
				36D0A8142742521700ABD08E /* Debug */,
				36D0A8152742521700ABD08E /* Release */,
			);
			defaultConfigurationIsVisible = 0;
			defaultConfigurationName = Release;
		};
		36D0A8162742521700ABD08E /* Build configuration list for PBXNativeTarget "SynceImageAppUITests" */ = {
			isa = XCConfigurationList;
			buildConfigurations = (
				36D0A8172742521700ABD08E /* Debug */,
				36D0A8182742521700ABD08E /* Release */,
			);
			defaultConfigurationIsVisible = 0;
			defaultConfigurationName = Release;
		};
/* End XCConfigurationList section */
	};
	rootObject = 36D0A7DE2742521300ABD08E /* Project object */;
}
